
Microsoft Visual Studio Solution File, Format Version 12.00
# Visual Studio Version 17
VisualStudioVersion = 17.1.32228.430
MinimumVisualStudioVersion = 10.0.40219.1
Project("{FAE04EC0-301F-11D3-BF4B-00C04F79EFBC}") = "Assignment2", "Assignment2\Assignment2.csproj", "{4508AB90-ADCD-4B6B-A6EA-5FCE1FA51BD8}"
EndProject
Global
	GlobalSection(SolutionConfigurationPlatforms) = preSolution
		Debug|Any CPU = Debug|Any CPU
		Release|Any CPU = Release|Any CPU
	EndGlobalSection
	GlobalSection(ProjectConfigurationPlatforms) = postSolution
		{4508AB90-ADCD-4B6B-A6EA-5FCE1FA51BD8}.Debug|Any CPU.ActiveCfg = Debug|Any CPU
		{4508AB90-ADCD-4B6B-A6EA-5FCE1FA51BD8}.Debug|Any CPU.Build.0 = Debug|Any CPU
		{4508AB90-ADCD-4B6B-A6EA-5FCE1FA51BD8}.Release|Any CPU.ActiveCfg = Release|Any CPU
		{4508AB90-ADCD-4B6B-A6EA-5FCE1FA51BD8}.Release|Any CPU.Build.0 = Release|Any CPU
	EndGlobalSection
	GlobalSection(SolutionProperties) = preSolution
		HideSolutionNode = FALSE
	EndGlobalSection
	GlobalSection(ExtensibilityGlobals) = postSolution
		SolutionGuid = {B0ABF49F-C947-4FFA-B0E8-A780E4FA51A6}
	EndGlobalSection
EndGlobal
